// !$*UTF8*$!
{
	archiveVersion = 1;
	classes = {
	};
	objectVersion = 55;
	objects = {

/* Begin PBXBuildFile section */
		1E42C1AE273C71B7008B83E2 /* AppDelegate.swift in Sources */ = {isa = PBXBuildFile; fileRef = 1E42C1AD273C71B7008B83E2 /* AppDelegate.swift */; };
		1E42C1B0273C71B7008B83E2 /* SceneDelegate.swift in Sources */ = {isa = PBXBuildFile; fileRef = 1E42C1AF273C71B7008B83E2 /* SceneDelegate.swift */; };
		1E42C1B5273C71B7008B83E2 /* Main.storyboard in Resources */ = {isa = PBXBuildFile; fileRef = 1E42C1B3273C71B7008B83E2 /* Main.storyboard */; };
		1E42C1B7273C71BA008B83E2 /* Assets.xcassets in Resources */ = {isa = PBXBuildFile; fileRef = 1E42C1B6273C71BA008B83E2 /* Assets.xcassets */; };
		1E42C1BA273C71BA008B83E2 /* LaunchScreen.storyboard in Resources */ = {isa = PBXBuildFile; fileRef = 1E42C1B8273C71BA008B83E2 /* LaunchScreen.storyboard */; };
		1E42C1C5273C71BB008B83E2 /* SwiftUICombineTests.swift in Sources */ = {isa = PBXBuildFile; fileRef = 1E42C1C4273C71BB008B83E2 /* SwiftUICombineTests.swift */; };
		1E42C1CF273C71BB008B83E2 /* SwiftUICombineUITests.swift in Sources */ = {isa = PBXBuildFile; fileRef = 1E42C1CE273C71BB008B83E2 /* SwiftUICombineUITests.swift */; };
		1E42C1D1273C71BB008B83E2 /* SwiftUICombineUITestsLaunchTests.swift in Sources */ = {isa = PBXBuildFile; fileRef = 1E42C1D0273C71BB008B83E2 /* SwiftUICombineUITestsLaunchTests.swift */; };
		1E42C1E0273F2CDD008B83E2 /* ExerciseListView.swift in Sources */ = {isa = PBXBuildFile; fileRef = 1E42C1DF273F2CDD008B83E2 /* ExerciseListView.swift */; };
		1E42C1E3273F2E25008B83E2 /* ExerciseListViewController.swift in Sources */ = {isa = PBXBuildFile; fileRef = 1E42C1B1273C71B7008B83E2 /* ExerciseListViewController.swift */; };
		1E42C1E827408469008B83E2 /* NetworkManager.swift in Sources */ = {isa = PBXBuildFile; fileRef = 1E42C1E727408469008B83E2 /* NetworkManager.swift */; };
		1E42C1EA2740847F008B83E2 /* Connectivity.swift in Sources */ = {isa = PBXBuildFile; fileRef = 1E42C1E92740847F008B83E2 /* Connectivity.swift */; };
		1E42C1EC274090DA008B83E2 /* ErrorManager.swift in Sources */ = {isa = PBXBuildFile; fileRef = 1E42C1EB274090DA008B83E2 /* ErrorManager.swift */; };
		1E42C1EF274090F5008B83E2 /* Constants.swift in Sources */ = {isa = PBXBuildFile; fileRef = 1E42C1EE274090F5008B83E2 /* Constants.swift */; };
		1E42C1F427409EB0008B83E2 /* Exercise.swift in Sources */ = {isa = PBXBuildFile; fileRef = 1E42C1F327409EB0008B83E2 /* Exercise.swift */; };
		1E42C1F62740A0DF008B83E2 /* ExerciseListViewModel.swift in Sources */ = {isa = PBXBuildFile; fileRef = 1E42C1F52740A0DF008B83E2 /* ExerciseListViewModel.swift */; };
		1E42C1FB2740B07E008B83E2 /* ExerciseListService.swift in Sources */ = {isa = PBXBuildFile; fileRef = 1E42C1FA2740B07E008B83E2 /* ExerciseListService.swift */; };
		1E42C1FF274118A9008B83E2 /* MockExerciseListService.swift in Sources */ = {isa = PBXBuildFile; fileRef = 1E42C1FE274118A9008B83E2 /* MockExerciseListService.swift */; };
		1E42C206274123DE008B83E2 /* MockExerciseListViewController.swift in Sources */ = {isa = PBXBuildFile; fileRef = 1E42C205274123DE008B83E2 /* MockExerciseListViewController.swift */; };
		1E42C20827413ABE008B83E2 /* ExerciseListViewModelTests.swift in Sources */ = {isa = PBXBuildFile; fileRef = 1E42C20727413ABE008B83E2 /* ExerciseListViewModelTests.swift */; };
		1E5AAE9C2741DAAE00C424D0 /* Kingfisher in Frameworks */ = {isa = PBXBuildFile; productRef = 1E5AAE9B2741DAAE00C424D0 /* Kingfisher */; };
		1E5AAE9E2741E28900C424D0 /* ExerciseDetailView.swift in Sources */ = {isa = PBXBuildFile; fileRef = 1E5AAE9D2741E28900C424D0 /* ExerciseDetailView.swift */; };
		1E5AAEA0274273EA00C424D0 /* ExcersieDetailViewModel.swift in Sources */ = {isa = PBXBuildFile; fileRef = 1E5AAE9F274273EA00C424D0 /* ExcersieDetailViewModel.swift */; };
		1E5AAEA2274290B000C424D0 /* ExerciseVariationView.swift in Sources */ = {isa = PBXBuildFile; fileRef = 1E5AAEA1274290B000C424D0 /* ExerciseVariationView.swift */; };
		1E5AAEA4274290D700C424D0 /* ExerciseVariationViewModel.swift in Sources */ = {isa = PBXBuildFile; fileRef = 1E5AAEA3274290D700C424D0 /* ExerciseVariationViewModel.swift */; };
		1E5AAEA62742CD3200C424D0 /* ExerciseVariationViewModelTests.swift in Sources */ = {isa = PBXBuildFile; fileRef = 1E5AAEA52742CD3200C424D0 /* ExerciseVariationViewModelTests.swift */; };
		1E5AAEA82742CD9800C424D0 /* MockExerciseVariationViewController.swift in Sources */ = {isa = PBXBuildFile; fileRef = 1E5AAEA72742CD9800C424D0 /* MockExerciseVariationViewController.swift */; };
/* End PBXBuildFile section */

/* Begin PBXContainerItemProxy section */
		1E42C1C1273C71BB008B83E2 /* PBXContainerItemProxy */ = {
			isa = PBXContainerItemProxy;
			containerPortal = 1E42C1A2273C71B7008B83E2 /* Project object */;
			proxyType = 1;
			remoteGlobalIDString = 1E42C1A9273C71B7008B83E2;
			remoteInfo = SwiftUICombine;
		};
		1E42C1CB273C71BB008B83E2 /* PBXContainerItemProxy */ = {
			isa = PBXContainerItemProxy;
			containerPortal = 1E42C1A2273C71B7008B83E2 /* Project object */;
			proxyType = 1;
			remoteGlobalIDString = 1E42C1A9273C71B7008B83E2;
			remoteInfo = SwiftUICombine;
		};
/* End PBXContainerItemProxy section */

/* Begin PBXFileReference section */
		1E42C1AA273C71B7008B83E2 /* SwiftUICombine.app */ = {isa = PBXFileReference; explicitFileType = wrapper.application; includeInIndex = 0; path = SwiftUICombine.app; sourceTree = BUILT_PRODUCTS_DIR; };
		1E42C1AD273C71B7008B83E2 /* AppDelegate.swift */ = {isa = PBXFileReference; lastKnownFileType = sourcecode.swift; path = AppDelegate.swift; sourceTree = "<group>"; };
		1E42C1AF273C71B7008B83E2 /* SceneDelegate.swift */ = {isa = PBXFileReference; lastKnownFileType = sourcecode.swift; path = SceneDelegate.swift; sourceTree = "<group>"; };
		1E42C1B1273C71B7008B83E2 /* ExerciseListViewController.swift */ = {isa = PBXFileReference; lastKnownFileType = sourcecode.swift; path = ExerciseListViewController.swift; sourceTree = "<group>"; };
		1E42C1B4273C71B7008B83E2 /* Base */ = {isa = PBXFileReference; lastKnownFileType = file.storyboard; name = Base; path = Base.lproj/Main.storyboard; sourceTree = "<group>"; };
		1E42C1B6273C71BA008B83E2 /* Assets.xcassets */ = {isa = PBXFileReference; lastKnownFileType = folder.assetcatalog; path = Assets.xcassets; sourceTree = "<group>"; };
		1E42C1B9273C71BA008B83E2 /* Base */ = {isa = PBXFileReference; lastKnownFileType = file.storyboard; name = Base; path = Base.lproj/LaunchScreen.storyboard; sourceTree = "<group>"; };
		1E42C1BB273C71BA008B83E2 /* Info.plist */ = {isa = PBXFileReference; lastKnownFileType = text.plist.xml; path = Info.plist; sourceTree = "<group>"; };
		1E42C1C0273C71BB008B83E2 /* SwiftUICombineTests.xctest */ = {isa = PBXFileReference; explicitFileType = wrapper.cfbundle; includeInIndex = 0; path = SwiftUICombineTests.xctest; sourceTree = BUILT_PRODUCTS_DIR; };
		1E42C1C4273C71BB008B83E2 /* SwiftUICombineTests.swift */ = {isa = PBXFileReference; lastKnownFileType = sourcecode.swift; path = SwiftUICombineTests.swift; sourceTree = "<group>"; };
		1E42C1CA273C71BB008B83E2 /* SwiftUICombineUITests.xctest */ = {isa = PBXFileReference; explicitFileType = wrapper.cfbundle; includeInIndex = 0; path = SwiftUICombineUITests.xctest; sourceTree = BUILT_PRODUCTS_DIR; };
		1E42C1CE273C71BB008B83E2 /* SwiftUICombineUITests.swift */ = {isa = PBXFileReference; lastKnownFileType = sourcecode.swift; path = SwiftUICombineUITests.swift; sourceTree = "<group>"; };
		1E42C1D0273C71BB008B83E2 /* SwiftUICombineUITestsLaunchTests.swift */ = {isa = PBXFileReference; lastKnownFileType = sourcecode.swift; path = SwiftUICombineUITestsLaunchTests.swift; sourceTree = "<group>"; };
		1E42C1DF273F2CDD008B83E2 /* ExerciseListView.swift */ = {isa = PBXFileReference; lastKnownFileType = sourcecode.swift; path = ExerciseListView.swift; sourceTree = "<group>"; };
		1E42C1E727408469008B83E2 /* NetworkManager.swift */ = {isa = PBXFileReference; lastKnownFileType = sourcecode.swift; path = NetworkManager.swift; sourceTree = "<group>"; };
		1E42C1E92740847F008B83E2 /* Connectivity.swift */ = {isa = PBXFileReference; lastKnownFileType = sourcecode.swift; path = Connectivity.swift; sourceTree = "<group>"; };
		1E42C1EB274090DA008B83E2 /* ErrorManager.swift */ = {isa = PBXFileReference; lastKnownFileType = sourcecode.swift; path = ErrorManager.swift; sourceTree = "<group>"; };
		1E42C1EE274090F5008B83E2 /* Constants.swift */ = {isa = PBXFileReference; lastKnownFileType = sourcecode.swift; path = Constants.swift; sourceTree = "<group>"; };
		1E42C1F327409EB0008B83E2 /* Exercise.swift */ = {isa = PBXFileReference; lastKnownFileType = sourcecode.swift; path = Exercise.swift; sourceTree = "<group>"; };
		1E42C1F52740A0DF008B83E2 /* ExerciseListViewModel.swift */ = {isa = PBXFileReference; lastKnownFileType = sourcecode.swift; path = ExerciseListViewModel.swift; sourceTree = "<group>"; };
		1E42C1FA2740B07E008B83E2 /* ExerciseListService.swift */ = {isa = PBXFileReference; lastKnownFileType = sourcecode.swift; path = ExerciseListService.swift; sourceTree = "<group>"; };
		1E42C1FE274118A9008B83E2 /* MockExerciseListService.swift */ = {isa = PBXFileReference; lastKnownFileType = sourcecode.swift; path = MockExerciseListService.swift; sourceTree = "<group>"; };
		1E42C205274123DE008B83E2 /* MockExerciseListViewController.swift */ = {isa = PBXFileReference; lastKnownFileType = sourcecode.swift; path = MockExerciseListViewController.swift; sourceTree = "<group>"; };
		1E42C20727413ABE008B83E2 /* ExerciseListViewModelTests.swift */ = {isa = PBXFileReference; lastKnownFileType = sourcecode.swift; path = ExerciseListViewModelTests.swift; sourceTree = "<group>"; };
		1E5AAE9D2741E28900C424D0 /* ExerciseDetailView.swift */ = {isa = PBXFileReference; lastKnownFileType = sourcecode.swift; path = ExerciseDetailView.swift; sourceTree = "<group>"; };
		1E5AAE9F274273EA00C424D0 /* ExcersieDetailViewModel.swift */ = {isa = PBXFileReference; lastKnownFileType = sourcecode.swift; path = ExcersieDetailViewModel.swift; sourceTree = "<group>"; };
		1E5AAEA1274290B000C424D0 /* ExerciseVariationView.swift */ = {isa = PBXFileReference; lastKnownFileType = sourcecode.swift; path = ExerciseVariationView.swift; sourceTree = "<group>"; };
		1E5AAEA3274290D700C424D0 /* ExerciseVariationViewModel.swift */ = {isa = PBXFileReference; lastKnownFileType = sourcecode.swift; path = ExerciseVariationViewModel.swift; sourceTree = "<group>"; };
		1E5AAEA52742CD3200C424D0 /* ExerciseVariationViewModelTests.swift */ = {isa = PBXFileReference; lastKnownFileType = sourcecode.swift; path = ExerciseVariationViewModelTests.swift; sourceTree = "<group>"; };
		1E5AAEA72742CD9800C424D0 /* MockExerciseVariationViewController.swift */ = {isa = PBXFileReference; lastKnownFileType = sourcecode.swift; path = MockExerciseVariationViewController.swift; sourceTree = "<group>"; };
/* End PBXFileReference section */

/* Begin PBXFrameworksBuildPhase section */
		1E42C1A7273C71B7008B83E2 /* Frameworks */ = {
			isa = PBXFrameworksBuildPhase;
			buildActionMask = 2147483647;
			files = (
				1E5AAE9C2741DAAE00C424D0 /* Kingfisher in Frameworks */,
			);
			runOnlyForDeploymentPostprocessing = 0;
		};
		1E42C1BD273C71BB008B83E2 /* Frameworks */ = {
			isa = PBXFrameworksBuildPhase;
			buildActionMask = 2147483647;
			files = (
			);
			runOnlyForDeploymentPostprocessing = 0;
		};
		1E42C1C7273C71BB008B83E2 /* Frameworks */ = {
			isa = PBXFrameworksBuildPhase;
			buildActionMask = 2147483647;
			files = (
			);
			runOnlyForDeploymentPostprocessing = 0;
		};
/* End PBXFrameworksBuildPhase section */

/* Begin PBXGroup section */
		1E42C1A1273C71B7008B83E2 = {
			isa = PBXGroup;
			children = (
				1E42C1AC273C71B7008B83E2 /* SwiftUICombine */,
				1E42C1C3273C71BB008B83E2 /* SwiftUICombineTests */,
				1E42C1CD273C71BB008B83E2 /* SwiftUICombineUITests */,
				1E42C1AB273C71B7008B83E2 /* Products */,
			);
			sourceTree = "<group>";
		};
		1E42C1AB273C71B7008B83E2 /* Products */ = {
			isa = PBXGroup;
			children = (
				1E42C1AA273C71B7008B83E2 /* SwiftUICombine.app */,
				1E42C1C0273C71BB008B83E2 /* SwiftUICombineTests.xctest */,
				1E42C1CA273C71BB008B83E2 /* SwiftUICombineUITests.xctest */,
			);
			name = Products;
			sourceTree = "<group>";
		};
		1E42C1AC273C71B7008B83E2 /* SwiftUICombine */ = {
			isa = PBXGroup;
			children = (
				1E42C1E5273F3696008B83E2 /* Delegates */,
				1E42C1E1273F2D75008B83E2 /* UIKit */,
				1E42C1DD273F2CAE008B83E2 /* SwiftUI */,
				1E42C1B6273C71BA008B83E2 /* Assets.xcassets */,
				1E42C1BB273C71BA008B83E2 /* Info.plist */,
			);
			path = SwiftUICombine;
			sourceTree = "<group>";
		};
		1E42C1C3273C71BB008B83E2 /* SwiftUICombineTests */ = {
			isa = PBXGroup;
			children = (
				1E42C1F72740AF88008B83E2 /* NetworkManager */,
				1E42C1C4273C71BB008B83E2 /* SwiftUICombineTests.swift */,
			);
			path = SwiftUICombineTests;
			sourceTree = "<group>";
		};
		1E42C1CD273C71BB008B83E2 /* SwiftUICombineUITests */ = {
			isa = PBXGroup;
			children = (
				1E42C1CE273C71BB008B83E2 /* SwiftUICombineUITests.swift */,
				1E42C1D0273C71BB008B83E2 /* SwiftUICombineUITestsLaunchTests.swift */,
			);
			path = SwiftUICombineUITests;
			sourceTree = "<group>";
		};
		1E42C1DD273F2CAE008B83E2 /* SwiftUI */ = {
			isa = PBXGroup;
			children = (
				1E42C1DE273F2CC4008B83E2 /* Views */,
			);
			path = SwiftUI;
			sourceTree = "<group>";
		};
		1E42C1DE273F2CC4008B83E2 /* Views */ = {
			isa = PBXGroup;
			children = (
				1E42C1DF273F2CDD008B83E2 /* ExerciseListView.swift */,
				1E5AAE9D2741E28900C424D0 /* ExerciseDetailView.swift */,
				1E5AAEA1274290B000C424D0 /* ExerciseVariationView.swift */,
			);
			path = Views;
			sourceTree = "<group>";
		};
		1E42C1E1273F2D75008B83E2 /* UIKit */ = {
			isa = PBXGroup;
			children = (
				1E42C1ED274090E7008B83E2 /* Constants */,
				1E42C1E627408446008B83E2 /* NetworkManager */,
				1E42C1E4273F367D008B83E2 /* Storyboards */,
				1E42C1F027409E8A008B83E2 /* Exercise */,
			);
			path = UIKit;
			sourceTree = "<group>";
		};
		1E42C1E2273F2D7F008B83E2 /* ViewControllers */ = {
			isa = PBXGroup;
			children = (
				1E42C1B1273C71B7008B83E2 /* ExerciseListViewController.swift */,
			);
			path = ViewControllers;
			sourceTree = "<group>";
		};
		1E42C1E4273F367D008B83E2 /* Storyboards */ = {
			isa = PBXGroup;
			children = (
				1E42C1B8273C71BA008B83E2 /* LaunchScreen.storyboard */,
				1E42C1B3273C71B7008B83E2 /* Main.storyboard */,
			);
			path = Storyboards;
			sourceTree = "<group>";
		};
		1E42C1E5273F3696008B83E2 /* Delegates */ = {
			isa = PBXGroup;
			children = (
				1E42C1AD273C71B7008B83E2 /* AppDelegate.swift */,
				1E42C1AF273C71B7008B83E2 /* SceneDelegate.swift */,
			);
			path = Delegates;
			sourceTree = "<group>";
		};
		1E42C1E627408446008B83E2 /* NetworkManager */ = {
			isa = PBXGroup;
			children = (
				1E42C1EB274090DA008B83E2 /* ErrorManager.swift */,
				1E42C1E727408469008B83E2 /* NetworkManager.swift */,
				1E42C1E92740847F008B83E2 /* Connectivity.swift */,
			);
			path = NetworkManager;
			sourceTree = "<group>";
		};
		1E42C1ED274090E7008B83E2 /* Constants */ = {
			isa = PBXGroup;
			children = (
				1E42C1EE274090F5008B83E2 /* Constants.swift */,
			);
			path = Constants;
			sourceTree = "<group>";
		};
		1E42C1F027409E8A008B83E2 /* Exercise */ = {
			isa = PBXGroup;
			children = (
				1E42C1FC274117BE008B83E2 /* Services */,
				1E42C1F227409EA4008B83E2 /* Models */,
				1E42C1F127409E99008B83E2 /* ViewModels */,
				1E42C1E2273F2D7F008B83E2 /* ViewControllers */,
			);
			path = Exercise;
			sourceTree = "<group>";
		};
		1E42C1F127409E99008B83E2 /* ViewModels */ = {
			isa = PBXGroup;
			children = (
				1E42C1F52740A0DF008B83E2 /* ExerciseListViewModel.swift */,
				1E5AAE9F274273EA00C424D0 /* ExcersieDetailViewModel.swift */,
				1E5AAEA3274290D700C424D0 /* ExerciseVariationViewModel.swift */,
			);
			path = ViewModels;
			sourceTree = "<group>";
		};
		1E42C1F227409EA4008B83E2 /* Models */ = {
			isa = PBXGroup;
			children = (
				1E42C1F327409EB0008B83E2 /* Exercise.swift */,
			);
			path = Models;
			sourceTree = "<group>";
		};
		1E42C1F72740AF88008B83E2 /* NetworkManager */ = {
			isa = PBXGroup;
			children = (
				1E42C1FD27411897008B83E2 /* Exercise */,
			);
			path = NetworkManager;
			sourceTree = "<group>";
		};
		1E42C1FC274117BE008B83E2 /* Services */ = {
			isa = PBXGroup;
			children = (
				1E42C1FA2740B07E008B83E2 /* ExerciseListService.swift */,
			);
			path = Services;
			sourceTree = "<group>";
		};
		1E42C1FD27411897008B83E2 /* Exercise */ = {
			isa = PBXGroup;
			children = (
				1E42C204274123C8008B83E2 /* ViewControllers */,
				1E42C2012741202E008B83E2 /* ViewModels */,
				1E42C20027411EFB008B83E2 /* Services */,
			);
			path = Exercise;
			sourceTree = "<group>";
		};
		1E42C20027411EFB008B83E2 /* Services */ = {
			isa = PBXGroup;
			children = (
				1E42C1FE274118A9008B83E2 /* MockExerciseListService.swift */,
			);
			path = Services;
			sourceTree = "<group>";
		};
		1E42C2012741202E008B83E2 /* ViewModels */ = {
			isa = PBXGroup;
			children = (
				1E42C20727413ABE008B83E2 /* ExerciseListViewModelTests.swift */,
				1E5AAEA52742CD3200C424D0 /* ExerciseVariationViewModelTests.swift */,
			);
			path = ViewModels;
			sourceTree = "<group>";
		};
		1E42C204274123C8008B83E2 /* ViewControllers */ = {
			isa = PBXGroup;
			children = (
				1E42C205274123DE008B83E2 /* MockExerciseListViewController.swift */,
				1E5AAEA72742CD9800C424D0 /* MockExerciseVariationViewController.swift */,
			);
			path = ViewControllers;
			sourceTree = "<group>";
		};
/* End PBXGroup section */

/* Begin PBXNativeTarget section */
		1E42C1A9273C71B7008B83E2 /* SwiftUICombine */ = {
			isa = PBXNativeTarget;
			buildConfigurationList = 1E42C1D4273C71BB008B83E2 /* Build configuration list for PBXNativeTarget "SwiftUICombine" */;
			buildPhases = (
				1E42C1A6273C71B7008B83E2 /* Sources */,
				1E42C1A7273C71B7008B83E2 /* Frameworks */,
				1E42C1A8273C71B7008B83E2 /* Resources */,
			);
			buildRules = (
			);
			dependencies = (
			);
			name = SwiftUICombine;
			packageProductDependencies = (
				1E5AAE9B2741DAAE00C424D0 /* Kingfisher */,
			);
			productName = SwiftUICombine;
			productReference = 1E42C1AA273C71B7008B83E2 /* SwiftUICombine.app */;
			productType = "com.apple.product-type.application";
		};
		1E42C1BF273C71BB008B83E2 /* SwiftUICombineTests */ = {
			isa = PBXNativeTarget;
			buildConfigurationList = 1E42C1D7273C71BB008B83E2 /* Build configuration list for PBXNativeTarget "SwiftUICombineTests" */;
			buildPhases = (
				1E42C1BC273C71BB008B83E2 /* Sources */,
				1E42C1BD273C71BB008B83E2 /* Frameworks */,
				1E42C1BE273C71BB008B83E2 /* Resources */,
			);
			buildRules = (
			);
			dependencies = (
				1E42C1C2273C71BB008B83E2 /* PBXTargetDependency */,
			);
			name = SwiftUICombineTests;
			productName = SwiftUICombineTests;
			productReference = 1E42C1C0273C71BB008B83E2 /* SwiftUICombineTests.xctest */;
			productType = "com.apple.product-type.bundle.unit-test";
		};
		1E42C1C9273C71BB008B83E2 /* SwiftUICombineUITests */ = {
			isa = PBXNativeTarget;
			buildConfigurationList = 1E42C1DA273C71BB008B83E2 /* Build configuration list for PBXNativeTarget "SwiftUICombineUITests" */;
			buildPhases = (
				1E42C1C6273C71BB008B83E2 /* Sources */,
				1E42C1C7273C71BB008B83E2 /* Frameworks */,
				1E42C1C8273C71BB008B83E2 /* Resources */,
			);
			buildRules = (
			);
			dependencies = (
				1E42C1CC273C71BB008B83E2 /* PBXTargetDependency */,
			);
			name = SwiftUICombineUITests;
			productName = SwiftUICombineUITests;
			productReference = 1E42C1CA273C71BB008B83E2 /* SwiftUICombineUITests.xctest */;
			productType = "com.apple.product-type.bundle.ui-testing";
		};
/* End PBXNativeTarget section */

/* Begin PBXProject section */
		1E42C1A2273C71B7008B83E2 /* Project object */ = {
			isa = PBXProject;
			attributes = {
				BuildIndependentTargetsInParallel = 1;
				LastSwiftUpdateCheck = 1310;
				LastUpgradeCheck = 1310;
				TargetAttributes = {
					1E42C1A9273C71B7008B83E2 = {
						CreatedOnToolsVersion = 13.1;
					};
					1E42C1BF273C71BB008B83E2 = {
						CreatedOnToolsVersion = 13.1;
						TestTargetID = 1E42C1A9273C71B7008B83E2;
					};
					1E42C1C9273C71BB008B83E2 = {
						CreatedOnToolsVersion = 13.1;
						TestTargetID = 1E42C1A9273C71B7008B83E2;
					};
				};
			};
			buildConfigurationList = 1E42C1A5273C71B7008B83E2 /* Build configuration list for PBXProject "SwiftUICombine" */;
			compatibilityVersion = "Xcode 13.0";
			developmentRegion = en;
			hasScannedForEncodings = 0;
			knownRegions = (
				en,
				Base,
			);
			mainGroup = 1E42C1A1273C71B7008B83E2;
			packageReferences = (
				1E5AAE9A2741DAAE00C424D0 /* XCRemoteSwiftPackageReference "Kingfisher" */,
			);
			productRefGroup = 1E42C1AB273C71B7008B83E2 /* Products */;
			projectDirPath = "";
			projectRoot = "";
			targets = (
				1E42C1A9273C71B7008B83E2 /* SwiftUICombine */,
				1E42C1BF273C71BB008B83E2 /* SwiftUICombineTests */,
				1E42C1C9273C71BB008B83E2 /* SwiftUICombineUITests */,
			);
		};
/* End PBXProject section */

/* Begin PBXResourcesBuildPhase section */
		1E42C1A8273C71B7008B83E2 /* Resources */ = {
			isa = PBXResourcesBuildPhase;
			buildActionMask = 2147483647;
			files = (
				1E42C1BA273C71BA008B83E2 /* LaunchScreen.storyboard in Resources */,
				1E42C1B7273C71BA008B83E2 /* Assets.xcassets in Resources */,
				1E42C1B5273C71B7008B83E2 /* Main.storyboard in Resources */,
			);
			runOnlyForDeploymentPostprocessing = 0;
		};
		1E42C1BE273C71BB008B83E2 /* Resources */ = {
			isa = PBXResourcesBuildPhase;
			buildActionMask = 2147483647;
			files = (
			);
			runOnlyForDeploymentPostprocessing = 0;
		};
		1E42C1C8273C71BB008B83E2 /* Resources */ = {
			isa = PBXResourcesBuildPhase;
			buildActionMask = 2147483647;
			files = (
			);
			runOnlyForDeploymentPostprocessing = 0;
		};
/* End PBXResourcesBuildPhase section */

/* Begin PBXSourcesBuildPhase section */
		1E42C1A6273C71B7008B83E2 /* Sources */ = {
			isa = PBXSourcesBuildPhase;
			buildActionMask = 2147483647;
			files = (
				1E5AAEA2274290B000C424D0 /* ExerciseVariationView.swift in Sources */,
				1E42C1F62740A0DF008B83E2 /* ExerciseListViewModel.swift in Sources */,
				1E5AAE9E2741E28900C424D0 /* ExerciseDetailView.swift in Sources */,
				1E42C1E0273F2CDD008B83E2 /* ExerciseListView.swift in Sources */,
				1E5AAEA0274273EA00C424D0 /* ExcersieDetailViewModel.swift in Sources */,
				1E42C1AE273C71B7008B83E2 /* AppDelegate.swift in Sources */,
				1E42C1FB2740B07E008B83E2 /* ExerciseListService.swift in Sources */,
				1E42C1EA2740847F008B83E2 /* Connectivity.swift in Sources */,
				1E42C1E827408469008B83E2 /* NetworkManager.swift in Sources */,
				1E42C1E3273F2E25008B83E2 /* ExerciseListViewController.swift in Sources */,
				1E42C1EC274090DA008B83E2 /* ErrorManager.swift in Sources */,
				1E5AAEA4274290D700C424D0 /* ExerciseVariationViewModel.swift in Sources */,
				1E42C1B0273C71B7008B83E2 /* SceneDelegate.swift in Sources */,
				1E42C1EF274090F5008B83E2 /* Constants.swift in Sources */,
				1E42C1F427409EB0008B83E2 /* Exercise.swift in Sources */,
			);
			runOnlyForDeploymentPostprocessing = 0;
		};
		1E42C1BC273C71BB008B83E2 /* Sources */ = {
			isa = PBXSourcesBuildPhase;
			buildActionMask = 2147483647;
			files = (
				1E5AAEA82742CD9800C424D0 /* MockExerciseVariationViewController.swift in Sources */,
				1E42C206274123DE008B83E2 /* MockExerciseListViewController.swift in Sources */,
				1E5AAEA62742CD3200C424D0 /* ExerciseVariationViewModelTests.swift in Sources */,
				1E42C20827413ABE008B83E2 /* ExerciseListViewModelTests.swift in Sources */,
				1E42C1C5273C71BB008B83E2 /* SwiftUICombineTests.swift in Sources */,
				1E42C1FF274118A9008B83E2 /* MockExerciseListService.swift in Sources */,
			);
			runOnlyForDeploymentPostprocessing = 0;
		};
		1E42C1C6273C71BB008B83E2 /* Sources */ = {
			isa = PBXSourcesBuildPhase;
			buildActionMask = 2147483647;
			files = (
				1E42C1D1273C71BB008B83E2 /* SwiftUICombineUITestsLaunchTests.swift in Sources */,
				1E42C1CF273C71BB008B83E2 /* SwiftUICombineUITests.swift in Sources */,
			);
			runOnlyForDeploymentPostprocessing = 0;
		};
/* End PBXSourcesBuildPhase section */

/* Begin PBXTargetDependency section */
		1E42C1C2273C71BB008B83E2 /* PBXTargetDependency */ = {
			isa = PBXTargetDependency;
			target = 1E42C1A9273C71B7008B83E2 /* SwiftUICombine */;
			targetProxy = 1E42C1C1273C71BB008B83E2 /* PBXContainerItemProxy */;
		};
		1E42C1CC273C71BB008B83E2 /* PBXTargetDependency */ = {
			isa = PBXTargetDependency;
			target = 1E42C1A9273C71B7008B83E2 /* SwiftUICombine */;
			targetProxy = 1E42C1CB273C71BB008B83E2 /* PBXContainerItemProxy */;
		};
/* End PBXTargetDependency section */

/* Begin PBXVariantGroup section */
		1E42C1B3273C71B7008B83E2 /* Main.storyboard */ = {
			isa = PBXVariantGroup;
			children = (
				1E42C1B4273C71B7008B83E2 /* Base */,
			);
			name = Main.storyboard;
			sourceTree = "<group>";
		};
		1E42C1B8273C71BA008B83E2 /* LaunchScreen.storyboard */ = {
			isa = PBXVariantGroup;
			children = (
				1E42C1B9273C71BA008B83E2 /* Base */,
			);
			name = LaunchScreen.storyboard;
			sourceTree = "<group>";
		};
/* End PBXVariantGroup section */

/* Begin XCBuildConfiguration section */
		1E42C1D2273C71BB008B83E2 /* Debug */ = {
			isa = XCBuildConfiguration;
			buildSettings = {
				ALWAYS_SEARCH_USER_PATHS = NO;
				CLANG_ANALYZER_NONNULL = YES;
				CLANG_ANALYZER_NUMBER_OBJECT_CONVERSION = YES_AGGRESSIVE;
				CLANG_CXX_LANGUAGE_STANDARD = "gnu++17";
				CLANG_CXX_LIBRARY = "libc++";
				CLANG_ENABLE_MODULES = YES;
				CLANG_ENABLE_OBJC_ARC = YES;
				CLANG_ENABLE_OBJC_WEAK = YES;
				CLANG_WARN_BLOCK_CAPTURE_AUTORELEASING = YES;
				CLANG_WARN_BOOL_CONVERSION = YES;
				CLANG_WARN_COMMA = YES;
				CLANG_WARN_CONSTANT_CONVERSION = YES;
				CLANG_WARN_DEPRECATED_OBJC_IMPLEMENTATIONS = YES;
				CLANG_WARN_DIRECT_OBJC_ISA_USAGE = YES_ERROR;
				CLANG_WARN_DOCUMENTATION_COMMENTS = YES;
				CLANG_WARN_EMPTY_BODY = YES;
				CLANG_WARN_ENUM_CONVERSION = YES;
				CLANG_WARN_INFINITE_RECURSION = YES;
				CLANG_WARN_INT_CONVERSION = YES;
				CLANG_WARN_NON_LITERAL_NULL_CONVERSION = YES;
				CLANG_WARN_OBJC_IMPLICIT_RETAIN_SELF = YES;
				CLANG_WARN_OBJC_LITERAL_CONVERSION = YES;
				CLANG_WARN_OBJC_ROOT_CLASS = YES_ERROR;
				CLANG_WARN_QUOTED_INCLUDE_IN_FRAMEWORK_HEADER = YES;
				CLANG_WARN_RANGE_LOOP_ANALYSIS = YES;
				CLANG_WARN_STRICT_PROTOTYPES = YES;
				CLANG_WARN_SUSPICIOUS_MOVE = YES;
				CLANG_WARN_UNGUARDED_AVAILABILITY = YES_AGGRESSIVE;
				CLANG_WARN_UNREACHABLE_CODE = YES;
				CLANG_WARN__DUPLICATE_METHOD_MATCH = YES;
				COPY_PHASE_STRIP = NO;
				DEBUG_INFORMATION_FORMAT = dwarf;
				ENABLE_STRICT_OBJC_MSGSEND = YES;
				ENABLE_TESTABILITY = YES;
				GCC_C_LANGUAGE_STANDARD = gnu11;
				GCC_DYNAMIC_NO_PIC = NO;
				GCC_NO_COMMON_BLOCKS = YES;
				GCC_OPTIMIZATION_LEVEL = 0;
				GCC_PREPROCESSOR_DEFINITIONS = (
					"DEBUG=1",
					"$(inherited)",
				);
				GCC_WARN_64_TO_32_BIT_CONVERSION = YES;
				GCC_WARN_ABOUT_RETURN_TYPE = YES_ERROR;
				GCC_WARN_UNDECLARED_SELECTOR = YES;
				GCC_WARN_UNINITIALIZED_AUTOS = YES_AGGRESSIVE;
				GCC_WARN_UNUSED_FUNCTION = YES;
				GCC_WARN_UNUSED_VARIABLE = YES;
				IPHONEOS_DEPLOYMENT_TARGET = 14.0;
				MTL_ENABLE_DEBUG_INFO = INCLUDE_SOURCE;
				MTL_FAST_MATH = YES;
				ONLY_ACTIVE_ARCH = YES;
				SDKROOT = iphoneos;
				SWIFT_ACTIVE_COMPILATION_CONDITIONS = DEBUG;
				SWIFT_OPTIMIZATION_LEVEL = "-Onone";
			};
			name = Debug;
		};
		1E42C1D3273C71BB008B83E2 /* Release */ = {
			isa = XCBuildConfiguration;
			buildSettings = {
				ALWAYS_SEARCH_USER_PATHS = NO;
				CLANG_ANALYZER_NONNULL = YES;
				CLANG_ANALYZER_NUMBER_OBJECT_CONVERSION = YES_AGGRESSIVE;
				CLANG_CXX_LANGUAGE_STANDARD = "gnu++17";
				CLANG_CXX_LIBRARY = "libc++";
				CLANG_ENABLE_MODULES = YES;
				CLANG_ENABLE_OBJC_ARC = YES;
				CLANG_ENABLE_OBJC_WEAK = YES;
				CLANG_WARN_BLOCK_CAPTURE_AUTORELEASING = YES;
				CLANG_WARN_BOOL_CONVERSION = YES;
				CLANG_WARN_COMMA = YES;
				CLANG_WARN_CONSTANT_CONVERSION = YES;
				CLANG_WARN_DEPRECATED_OBJC_IMPLEMENTATIONS = YES;
				CLANG_WARN_DIRECT_OBJC_ISA_USAGE = YES_ERROR;
				CLANG_WARN_DOCUMENTATION_COMMENTS = YES;
				CLANG_WARN_EMPTY_BODY = YES;
				CLANG_WARN_ENUM_CONVERSION = YES;
				CLANG_WARN_INFINITE_RECURSION = YES;
				CLANG_WARN_INT_CONVERSION = YES;
				CLANG_WARN_NON_LITERAL_NULL_CONVERSION = YES;
				CLANG_WARN_OBJC_IMPLICIT_RETAIN_SELF = YES;
				CLANG_WARN_OBJC_LITERAL_CONVERSION = YES;
				CLANG_WARN_OBJC_ROOT_CLASS = YES_ERROR;
				CLANG_WARN_QUOTED_INCLUDE_IN_FRAMEWORK_HEADER = YES;
				CLANG_WARN_RANGE_LOOP_ANALYSIS = YES;
				CLANG_WARN_STRICT_PROTOTYPES = YES;
				CLANG_WARN_SUSPICIOUS_MOVE = YES;
				CLANG_WARN_UNGUARDED_AVAILABILITY = YES_AGGRESSIVE;
				CLANG_WARN_UNREACHABLE_CODE = YES;
				CLANG_WARN__DUPLICATE_METHOD_MATCH = YES;
				COPY_PHASE_STRIP = NO;
				DEBUG_INFORMATION_FORMAT = "dwarf-with-dsym";
				ENABLE_NS_ASSERTIONS = NO;
				ENABLE_STRICT_OBJC_MSGSEND = YES;
				GCC_C_LANGUAGE_STANDARD = gnu11;
				GCC_NO_COMMON_BLOCKS = YES;
				GCC_WARN_64_TO_32_BIT_CONVERSION = YES;
				GCC_WARN_ABOUT_RETURN_TYPE = YES_ERROR;
				GCC_WARN_UNDECLARED_SELECTOR = YES;
				GCC_WARN_UNINITIALIZED_AUTOS = YES_AGGRESSIVE;
				GCC_WARN_UNUSED_FUNCTION = YES;
				GCC_WARN_UNUSED_VARIABLE = YES;
				IPHONEOS_DEPLOYMENT_TARGET = 14.0;
				MTL_ENABLE_DEBUG_INFO = NO;
				MTL_FAST_MATH = YES;
				SDKROOT = iphoneos;
				SWIFT_COMPILATION_MODE = wholemodule;
				SWIFT_OPTIMIZATION_LEVEL = "-O";
				VALIDATE_PRODUCT = YES;
			};
			name = Release;
		};
		1E42C1D5273C71BB008B83E2 /* Debug */ = {
			isa = XCBuildConfiguration;
			buildSettings = {
				ASSETCATALOG_COMPILER_APPICON_NAME = AppIcon;
				ASSETCATALOG_COMPILER_GLOBAL_ACCENT_COLOR_NAME = AccentColor;
				CODE_SIGN_STYLE = Automatic;
				CURRENT_PROJECT_VERSION = 1;
				DEVELOPMENT_TEAM = 8333M6GL3P;
				GENERATE_INFOPLIST_FILE = YES;
				INFOPLIST_FILE = SwiftUICombine/Info.plist;
				INFOPLIST_KEY_UIApplicationSupportsIndirectInputEvents = YES;
				INFOPLIST_KEY_UILaunchStoryboardName = LaunchScreen;
				INFOPLIST_KEY_UIMainStoryboardFile = Main;
				INFOPLIST_KEY_UISupportedInterfaceOrientations_iPad = "UIInterfaceOrientationPortrait UIInterfaceOrientationPortraitUpsideDown UIInterfaceOrientationLandscapeLeft UIInterfaceOrientationLandscapeRight";
				INFOPLIST_KEY_UISupportedInterfaceOrientations_iPhone = "UIInterfaceOrientationPortrait UIInterfaceOrientationLandscapeLeft UIInterfaceOrientationLandscapeRight";
				LD_RUNPATH_SEARCH_PATHS = (
					"$(inherited)",
					"@executable_path/Frameworks",
				);
				MARKETING_VERSION = 1.0;
				PRODUCT_BUNDLE_IDENTIFIER = Demo.SwiftUICombine;
				PRODUCT_NAME = "$(TARGET_NAME)";
				SWIFT_EMIT_LOC_STRINGS = YES;
				SWIFT_VERSION = 5.0;
				TARGETED_DEVICE_FAMILY = "1,2";
			};
			name = Debug;
		};
		1E42C1D6273C71BB008B83E2 /* Release */ = {
			isa = XCBuildConfiguration;
			buildSettings = {
				ASSETCATALOG_COMPILER_APPICON_NAME = AppIcon;
				ASSETCATALOG_COMPILER_GLOBAL_ACCENT_COLOR_NAME = AccentColor;
				CODE_SIGN_STYLE = Automatic;
				CURRENT_PROJECT_VERSION = 1;
				DEVELOPMENT_TEAM = 8333M6GL3P;
				GENERATE_INFOPLIST_FILE = YES;
				INFOPLIST_FILE = SwiftUICombine/Info.plist;
				INFOPLIST_KEY_UIApplicationSupportsIndirectInputEvents = YES;
				INFOPLIST_KEY_UILaunchStoryboardName = LaunchScreen;
				INFOPLIST_KEY_UIMainStoryboardFile = Main;
				INFOPLIST_KEY_UISupportedInterfaceOrientations_iPad = "UIInterfaceOrientationPortrait UIInterfaceOrientationPortraitUpsideDown UIInterfaceOrientationLandscapeLeft UIInterfaceOrientationLandscapeRight";
				INFOPLIST_KEY_UISupportedInterfaceOrientations_iPhone = "UIInterfaceOrientationPortrait UIInterfaceOrientationLandscapeLeft UIInterfaceOrientationLandscapeRight";
				LD_RUNPATH_SEARCH_PATHS = (
					"$(inherited)",
					"@executable_path/Frameworks",
				);
				MARKETING_VERSION = 1.0;
				PRODUCT_BUNDLE_IDENTIFIER = Demo.SwiftUICombine;
				PRODUCT_NAME = "$(TARGET_NAME)";
				SWIFT_EMIT_LOC_STRINGS = YES;
				SWIFT_VERSION = 5.0;
				TARGETED_DEVICE_FAMILY = "1,2";
			};
			name = Release;
		};
		1E42C1D8273C71BB008B83E2 /* Debug */ = {
			isa = XCBuildConfiguration;
			buildSettings = {
				ALWAYS_EMBED_SWIFT_STANDARD_LIBRARIES = YES;
				BUNDLE_LOADER = "$(TEST_HOST)";
				CODE_SIGN_STYLE = Automatic;
				CURRENT_PROJECT_VERSION = 1;
				DEVELOPMENT_TEAM = 8333M6GL3P;
				GENERATE_INFOPLIST_FILE = YES;
				IPHONEOS_DEPLOYMENT_TARGET = 15.0;
				LD_RUNPATH_SEARCH_PATHS = (
					"$(inherited)",
					"@executable_path/Frameworks",
					"@loader_path/Frameworks",
				);
				MARKETING_VERSION = 1.0;
				PRODUCT_BUNDLE_IDENTIFIER = Demo.SwiftUICombineTests;
				PRODUCT_NAME = "$(TARGET_NAME)";
				SWIFT_EMIT_LOC_STRINGS = NO;
				SWIFT_VERSION = 5.0;
				TARGETED_DEVICE_FAMILY = "1,2";
				TEST_HOST = "$(BUILT_PRODUCTS_DIR)/SwiftUICombine.app/SwiftUICombine";
			};
			name = Debug;
		};
		1E42C1D9273C71BB008B83E2 /* Release */ = {
			isa = XCBuildConfiguration;
			buildSettings = {
				ALWAYS_EMBED_SWIFT_STANDARD_LIBRARIES = YES;
				BUNDLE_LOADER = "$(TEST_HOST)";
				CODE_SIGN_STYLE = Automatic;
				CURRENT_PROJECT_VERSION = 1;
				DEVELOPMENT_TEAM = 8333M6GL3P;
				GENERATE_INFOPLIST_FILE = YES;
				IPHONEOS_DEPLOYMENT_TARGET = 15.0;
				LD_RUNPATH_SEARCH_PATHS = (
					"$(inherited)",
					"@executable_path/Frameworks",
					"@loader_path/Frameworks",
				);
				MARKETING_VERSION = 1.0;
				PRODUCT_BUNDLE_IDENTIFIER = Demo.SwiftUICombineTests;
				PRODUCT_NAME = "$(TARGET_NAME)";
				SWIFT_EMIT_LOC_STRINGS = NO;
				SWIFT_VERSION = 5.0;
				TARGETED_DEVICE_FAMILY = "1,2";
				TEST_HOST = "$(BUILT_PRODUCTS_DIR)/SwiftUICombine.app/SwiftUICombine";
			};
			name = Release;
		};
		1E42C1DB273C71BB008B83E2 /* Debug */ = {
			isa = XCBuildConfiguration;
			buildSettings = {
				ALWAYS_EMBED_SWIFT_STANDARD_LIBRARIES = YES;
				CODE_SIGN_STYLE = Automatic;
				CURRENT_PROJECT_VERSION = 1;
				DEVELOPMENT_TEAM = 8333M6GL3P;
				GENERATE_INFOPLIST_FILE = YES;
				LD_RUNPATH_SEARCH_PATHS = (
					"$(inherited)",
					"@executable_path/Frameworks",
					"@loader_path/Frameworks",
				);
				MARKETING_VERSION = 1.0;
				PRODUCT_BUNDLE_IDENTIFIER = Demo.SwiftUICombineUITests;
				PRODUCT_NAME = "$(TARGET_NAME)";
				SWIFT_EMIT_LOC_STRINGS = NO;
				SWIFT_VERSION = 5.0;
				TARGETED_DEVICE_FAMILY = "1,2";
				TEST_TARGET_NAME = SwiftUICombine;
			};
			name = Debug;
		};
		1E42C1DC273C71BB008B83E2 /* Release */ = {
			isa = XCBuildConfiguration;
			buildSettings = {
				ALWAYS_EMBED_SWIFT_STANDARD_LIBRARIES = YES;
				CODE_SIGN_STYLE = Automatic;
				CURRENT_PROJECT_VERSION = 1;
				DEVELOPMENT_TEAM = 8333M6GL3P;
				GENERATE_INFOPLIST_FILE = YES;
				LD_RUNPATH_SEARCH_PATHS = (
					"$(inherited)",
					"@executable_path/Frameworks",
					"@loader_path/Frameworks",
				);
				MARKETING_VERSION = 1.0;
				PRODUCT_BUNDLE_IDENTIFIER = Demo.SwiftUICombineUITests;
				PRODUCT_NAME = "$(TARGET_NAME)";
				SWIFT_EMIT_LOC_STRINGS = NO;
				SWIFT_VERSION = 5.0;
				TARGETED_DEVICE_FAMILY = "1,2";
				TEST_TARGET_NAME = SwiftUICombine;
			};
			name = Release;
		};
/* End XCBuildConfiguration section */

/* Begin XCConfigurationList section */
		1E42C1A5273C71B7008B83E2 /* Build configuration list for PBXProject "SwiftUICombine" */ = {
			isa = XCConfigurationList;
			buildConfigurations = (
				1E42C1D2273C71BB008B83E2 /* Debug */,
				1E42C1D3273C71BB008B83E2 /* Release */,
			);
			defaultConfigurationIsVisible = 0;
			defaultConfigurationName = Release;
		};
		1E42C1D4273C71BB008B83E2 /* Build configuration list for PBXNativeTarget "SwiftUICombine" */ = {
			isa = XCConfigurationList;
			buildConfigurations = (
				1E42C1D5273C71BB008B83E2 /* Debug */,
				1E42C1D6273C71BB008B83E2 /* Release */,
			);
			defaultConfigurationIsVisible = 0;
			defaultConfigurationName = Release;
		};
		1E42C1D7273C71BB008B83E2 /* Build configuration list for PBXNativeTarget "SwiftUICombineTests" */ = {
			isa = XCConfigurationList;
			buildConfigurations = (
				1E42C1D8273C71BB008B83E2 /* Debug */,
				1E42C1D9273C71BB008B83E2 /* Release */,
			);
			defaultConfigurationIsVisible = 0;
			defaultConfigurationName = Release;
		};
		1E42C1DA273C71BB008B83E2 /* Build configuration list for PBXNativeTarget "SwiftUICombineUITests" */ = {
			isa = XCConfigurationList;
			buildConfigurations = (
				1E42C1DB273C71BB008B83E2 /* Debug */,
				1E42C1DC273C71BB008B83E2 /* Release */,
			);
			defaultConfigurationIsVisible = 0;
			defaultConfigurationName = Release;
		};
/* End XCConfigurationList section */

/* Begin XCRemoteSwiftPackageReference section */
		1E5AAE9A2741DAAE00C424D0 /* XCRemoteSwiftPackageReference "Kingfisher" */ = {
			isa = XCRemoteSwiftPackageReference;
			repositoryURL = "https://github.com/onevcat/Kingfisher.git";
			requirement = {
				kind = upToNextMajorVersion;
				minimumVersion = 7.0.0;
			};
		};
/* End XCRemoteSwiftPackageReference section */

/* Begin XCSwiftPackageProductDependency section */
		1E5AAE9B2741DAAE00C424D0 /* Kingfisher */ = {
			isa = XCSwiftPackageProductDependency;
			package = 1E5AAE9A2741DAAE00C424D0 /* XCRemoteSwiftPackageReference "Kingfisher" */;
			productName = Kingfisher;
		};
/* End XCSwiftPackageProductDependency section */
	};
	rootObject = 1E42C1A2273C71B7008B83E2 /* Project object */;
}
